{
  "version": 4,
  "terraform_version": "1.10.1",
  "serial": 234,
  "lineage": "f0f063d4-e246-c6d8-3fe4-231c67695e07",
  "outputs": {
    "bucket_website_endpoint": {
      "value": "terraform-learn-s3-static-website-hosting.s3-website-us-east-1.amazonaws.com",
      "type": "string"
    }
  },
  "resources": [
    {
      "mode": "managed",
      "type": "aws_s3_bucket",
      "name": "website_bucket",
      "provider": "provider[\"registry.terraform.io/hashicorp/aws\"]",
      "instances": [
        {
          "schema_version": 0,
          "attributes": {
            "acceleration_status": "",
            "acl": null,
            "arn": "arn:aws:s3:::terraform-learn-s3-static-website-hosting",
            "bucket": "terraform-learn-s3-static-website-hosting",
            "bucket_domain_name": "terraform-learn-s3-static-website-hosting.s3.amazonaws.com",
            "bucket_prefix": "",
            "bucket_regional_domain_name": "terraform-learn-s3-static-website-hosting.s3.us-east-1.amazonaws.com",
            "cors_rule": [],
            "force_destroy": false,
            "grant": [
              {
                "id": "23a27b320ae9fd556c59231ee8286a5ee57eeaf90d7c4d5629e142d7cf15086a",
                "permissions": [
                  "FULL_CONTROL"
                ],
                "type": "CanonicalUser",
                "uri": ""
              }
            ],
            "hosted_zone_id": "Z3AQBSTGFYJSTF",
            "id": "terraform-learn-s3-static-website-hosting",
            "lifecycle_rule": [],
            "logging": [],
            "object_lock_configuration": [],
            "object_lock_enabled": false,
            "policy": "{\"Statement\":[{\"Action\":\"s3:GetObject\",\"Effect\":\"Allow\",\"Principal\":\"*\",\"Resource\":\"arn:aws:s3:::terraform-learn-s3-static-website-hosting/*\"}],\"Version\":\"2012-10-17\"}",
            "region": "us-east-1",
            "replication_configuration": [],
            "request_payer": "BucketOwner",
            "server_side_encryption_configuration": [
              {
                "rule": [
                  {
                    "apply_server_side_encryption_by_default": [
                      {
                        "kms_master_key_id": "",
                        "sse_algorithm": "AES256"
                      }
                    ],
                    "bucket_key_enabled": false
                  }
                ]
              }
            ],
            "tags": {},
            "tags_all": {},
            "timeouts": null,
            "versioning": [
              {
                "enabled": false,
                "mfa_delete": false
              }
            ],
            "website": [
              {
                "error_document": "error.html",
                "index_document": "index.html",
                "redirect_all_requests_to": "",
                "routing_rules": ""
              }
            ],
            "website_domain": "s3-website-us-east-1.amazonaws.com",
            "website_endpoint": "terraform-learn-s3-static-website-hosting.s3-website-us-east-1.amazonaws.com"
          },
          "sensitive_attributes": [],
          "private": "eyJlMmJmYjczMC1lY2FhLTExZTYtOGY4OC0zNDM2M2JjN2M0YzAiOnsiY3JlYXRlIjoxMjAwMDAwMDAwMDAwLCJkZWxldGUiOjM2MDAwMDAwMDAwMDAsInJlYWQiOjEyMDAwMDAwMDAwMDAsInVwZGF0ZSI6MTIwMDAwMDAwMDAwMH19"
        }
      ]
    },
    {
      "mode": "managed",
      "type": "aws_s3_bucket_policy",
      "name": "website_bucket_policy",
      "provider": "provider[\"registry.terraform.io/hashicorp/aws\"]",
      "instances": [
        {
          "schema_version": 0,
          "attributes": {
            "bucket": "terraform-learn-s3-static-website-hosting",
            "id": "terraform-learn-s3-static-website-hosting",
            "policy": "{\"Statement\":[{\"Action\":\"s3:GetObject\",\"Effect\":\"Allow\",\"Principal\":\"*\",\"Resource\":\"arn:aws:s3:::terraform-learn-s3-static-website-hosting/*\"}],\"Version\":\"2012-10-17\"}"
          },
          "sensitive_attributes": [],
          "private": "bnVsbA==",
          "dependencies": [
            "aws_s3_bucket.website_bucket",
            "aws_s3_bucket_public_access_block.website_bucket_public_access_block"
          ]
        }
      ]
    },
    {
      "mode": "managed",
      "type": "aws_s3_bucket_public_access_block",
      "name": "website_bucket_public_access_block",
      "provider": "provider[\"registry.terraform.io/hashicorp/aws\"]",
      "instances": [
        {
          "schema_version": 0,
          "attributes": {
            "block_public_acls": false,
            "block_public_policy": false,
            "bucket": "terraform-learn-s3-static-website-hosting",
            "id": "terraform-learn-s3-static-website-hosting",
            "ignore_public_acls": false,
            "restrict_public_buckets": false
          },
          "sensitive_attributes": [],
          "private": "bnVsbA==",
          "dependencies": [
            "aws_s3_bucket.website_bucket"
          ]
        }
      ]
    },
    {
      "mode": "managed",
      "type": "aws_s3_bucket_website_configuration",
      "name": "bucket_website_config",
      "provider": "provider[\"registry.terraform.io/hashicorp/aws\"]",
      "instances": [
        {
          "schema_version": 0,
          "attributes": {
            "bucket": "terraform-learn-s3-static-website-hosting",
            "error_document": [
              {
                "key": "error.html"
              }
            ],
            "expected_bucket_owner": "",
            "id": "terraform-learn-s3-static-website-hosting",
            "index_document": [
              {
                "suffix": "index.html"
              }
            ],
            "redirect_all_requests_to": [],
            "routing_rule": [],
            "routing_rules": "",
            "website_domain": "s3-website-us-east-1.amazonaws.com",
            "website_endpoint": "terraform-learn-s3-static-website-hosting.s3-website-us-east-1.amazonaws.com"
          },
          "sensitive_attributes": [],
          "private": "bnVsbA==",
          "dependencies": [
            "aws_s3_bucket.website_bucket"
          ]
        }
      ]
    },
    {
      "mode": "managed",
      "type": "aws_s3_object",
      "name": "website_files",
      "provider": "provider[\"registry.terraform.io/hashicorp/aws\"]",
      "instances": [
        {
          "index_key": "ABOUT THIS TEMPLATE.txt",
          "schema_version": 0,
          "attributes": {
            "acl": null,
            "arn": "arn:aws:s3:::terraform-learn-s3-static-website-hosting/ABOUT THIS TEMPLATE.txt",
            "bucket": "terraform-learn-s3-static-website-hosting",
            "bucket_key_enabled": false,
            "cache_control": "",
            "checksum_algorithm": null,
            "checksum_crc32": "",
            "checksum_crc32c": "",
            "checksum_sha1": "",
            "checksum_sha256": "",
            "content": null,
            "content_base64": null,
            "content_disposition": "inline",
            "content_encoding": "",
            "content_language": "",
            "content_type": "application/octet-stream",
            "etag": "60e144dba413e51ea856e890e69fde4d",
            "force_destroy": false,
            "id": "ABOUT THIS TEMPLATE.txt",
            "key": "ABOUT THIS TEMPLATE.txt",
            "kms_key_id": null,
            "metadata": {},
            "object_lock_legal_hold_status": "",
            "object_lock_mode": "",
            "object_lock_retain_until_date": "",
            "override_provider": [],
            "server_side_encryption": "AES256",
            "source": "../resources/fashion-website/ABOUT THIS TEMPLATE.txt",
            "source_hash": null,
            "storage_class": "STANDARD",
            "tags": {},
            "tags_all": {},
            "version_id": "",
            "website_redirect": ""
          },
          "sensitive_attributes": [],
          "private": "bnVsbA==",
          "dependencies": [
            "aws_s3_bucket.website_bucket"
          ]
        },
        {
          "index_key": "about.html",
          "schema_version": 0,
          "attributes": {
            "acl": null,
            "arn": "arn:aws:s3:::terraform-learn-s3-static-website-hosting/about.html",
            "bucket": "terraform-learn-s3-static-website-hosting",
            "bucket_key_enabled": false,
            "cache_control": "",
            "checksum_algorithm": null,
            "checksum_crc32": "",
            "checksum_crc32c": "",
            "checksum_sha1": "",
            "checksum_sha256": "",
            "content": null,
            "content_base64": null,
            "content_disposition": "inline",
            "content_encoding": "",
            "content_language": "",
            "content_type": "text/html",
            "etag": "7d2d17024b9da0b47435bff0af3b34c0",
            "force_destroy": false,
            "id": "about.html",
            "key": "about.html",
            "kms_key_id": null,
            "metadata": {},
            "object_lock_legal_hold_status": "",
            "object_lock_mode": "",
            "object_lock_retain_until_date": "",
            "override_provider": [],
            "server_side_encryption": "AES256",
            "source": "../resources/fashion-website/about.html",
            "source_hash": null,
            "storage_class": "STANDARD",
            "tags": {},
            "tags_all": {},
            "version_id": "",
            "website_redirect": ""
          },
          "sensitive_attributes": [],
          "private": "bnVsbA==",
          "dependencies": [
            "aws_s3_bucket.website_bucket"
          ]
        },
        {
          "index_key": "contact.html",
          "schema_version": 0,
          "attributes": {
            "acl": null,
            "arn": "arn:aws:s3:::terraform-learn-s3-static-website-hosting/contact.html",
            "bucket": "terraform-learn-s3-static-website-hosting",
            "bucket_key_enabled": false,
            "cache_control": "",
            "checksum_algorithm": null,
            "checksum_crc32": "",
            "checksum_crc32c": "",
            "checksum_sha1": "",
            "checksum_sha256": "",
            "content": null,
            "content_base64": null,
            "content_disposition": "inline",
            "content_encoding": "",
            "content_language": "",
            "content_type": "text/html",
            "etag": "0ae3b88fe43d4d96783285ab5dbb81a4",
            "force_destroy": false,
            "id": "contact.html",
            "key": "contact.html",
            "kms_key_id": null,
            "metadata": {},
            "object_lock_legal_hold_status": "",
            "object_lock_mode": "",
            "object_lock_retain_until_date": "",
            "override_provider": [],
            "server_side_encryption": "AES256",
            "source": "../resources/fashion-website/contact.html",
            "source_hash": null,
            "storage_class": "STANDARD",
            "tags": {},
            "tags_all": {},
            "version_id": "",
            "website_redirect": ""
          },
          "sensitive_attributes": [],
          "private": "bnVsbA==",
          "dependencies": [
            "aws_s3_bucket.website_bucket"
          ]
        },
        {
          "index_key": "css/bootstrap-icons.css",
          "schema_version": 0,
          "attributes": {
            "acl": null,
            "arn": "arn:aws:s3:::terraform-learn-s3-static-website-hosting/css/bootstrap-icons.css",
            "bucket": "terraform-learn-s3-static-website-hosting",
            "bucket_key_enabled": false,
            "cache_control": "",
            "checksum_algorithm": null,
            "checksum_crc32": "",
            "checksum_crc32c": "",
            "checksum_sha1": "",
            "checksum_sha256": "",
            "content": null,
            "content_base64": null,
            "content_disposition": "inline",
            "content_encoding": "",
            "content_language": "",
            "content_type": "text/css",
            "etag": "c61da154294f1b735790a119282435eb",
            "force_destroy": false,
            "id": "css/bootstrap-icons.css",
            "key": "css/bootstrap-icons.css",
            "kms_key_id": null,
            "metadata": {},
            "object_lock_legal_hold_status": "",
            "object_lock_mode": "",
            "object_lock_retain_until_date": "",
            "override_provider": [],
            "server_side_encryption": "AES256",
            "source": "../resources/fashion-website/css/bootstrap-icons.css",
            "source_hash": null,
            "storage_class": "STANDARD",
            "tags": {},
            "tags_all": {},
            "version_id": "",
            "website_redirect": ""
          },
          "sensitive_attributes": [],
          "private": "bnVsbA==",
          "dependencies": [
            "aws_s3_bucket.website_bucket"
          ]
        },
        {
          "index_key": "css/bootstrap.min.css",
          "schema_version": 0,
          "attributes": {
            "acl": null,
            "arn": "arn:aws:s3:::terraform-learn-s3-static-website-hosting/css/bootstrap.min.css",
            "bucket": "terraform-learn-s3-static-website-hosting",
            "bucket_key_enabled": false,
            "cache_control": "",
            "checksum_algorithm": null,
            "checksum_crc32": "",
            "checksum_crc32c": "",
            "checksum_sha1": "",
            "checksum_sha256": "",
            "content": null,
            "content_base64": null,
            "content_disposition": "inline",
            "content_encoding": "",
            "content_language": "",
            "content_type": "text/css",
            "etag": "8880ffcc419e92bf8d438a199b8a82d4",
            "force_destroy": false,
            "id": "css/bootstrap.min.css",
            "key": "css/bootstrap.min.css",
            "kms_key_id": null,
            "metadata": {},
            "object_lock_legal_hold_status": "",
            "object_lock_mode": "",
            "object_lock_retain_until_date": "",
            "override_provider": [],
            "server_side_encryption": "AES256",
            "source": "../resources/fashion-website/css/bootstrap.min.css",
            "source_hash": null,
            "storage_class": "STANDARD",
            "tags": {},
            "tags_all": {},
            "version_id": "",
            "website_redirect": ""
          },
          "sensitive_attributes": [],
          "private": "bnVsbA==",
          "dependencies": [
            "aws_s3_bucket.website_bucket"
          ]
        },
        {
          "index_key": "css/slick.css",
          "schema_version": 0,
          "attributes": {
            "acl": null,
            "arn": "arn:aws:s3:::terraform-learn-s3-static-website-hosting/css/slick.css",
            "bucket": "terraform-learn-s3-static-website-hosting",
            "bucket_key_enabled": false,
            "cache_control": "",
            "checksum_algorithm": null,
            "checksum_crc32": "",
            "checksum_crc32c": "",
            "checksum_sha1": "",
            "checksum_sha256": "",
            "content": null,
            "content_base64": null,
            "content_disposition": "inline",
            "content_encoding": "",
            "content_language": "",
            "content_type": "text/css",
            "etag": "f38b2db10e01b1572732a3191d538707",
            "force_destroy": false,
            "id": "css/slick.css",
            "key": "css/slick.css",
            "kms_key_id": null,
            "metadata": {},
            "object_lock_legal_hold_status": "",
            "object_lock_mode": "",
            "object_lock_retain_until_date": "",
            "override_provider": [],
            "server_side_encryption": "AES256",
            "source": "../resources/fashion-website/css/slick.css",
            "source_hash": null,
            "storage_class": "STANDARD",
            "tags": {},
            "tags_all": {},
            "version_id": "",
            "website_redirect": ""
          },
          "sensitive_attributes": [],
          "private": "bnVsbA==",
          "dependencies": [
            "aws_s3_bucket.website_bucket"
          ]
        },
        {
          "index_key": "css/tooplate-little-fashion.css",
          "schema_version": 0,
          "attributes": {
            "acl": null,
            "arn": "arn:aws:s3:::terraform-learn-s3-static-website-hosting/css/tooplate-little-fashion.css",
            "bucket": "terraform-learn-s3-static-website-hosting",
            "bucket_key_enabled": false,
            "cache_control": "",
            "checksum_algorithm": null,
            "checksum_crc32": "",
            "checksum_crc32c": "",
            "checksum_sha1": "",
            "checksum_sha256": "",
            "content": null,
            "content_base64": null,
            "content_disposition": "inline",
            "content_encoding": "",
            "content_language": "",
            "content_type": "text/css",
            "etag": "b86f29aafbe4cb114dda58944b93e7b2",
            "force_destroy": false,
            "id": "css/tooplate-little-fashion.css",
            "key": "css/tooplate-little-fashion.css",
            "kms_key_id": null,
            "metadata": {},
            "object_lock_legal_hold_status": "",
            "object_lock_mode": "",
            "object_lock_retain_until_date": "",
            "override_provider": [],
            "server_side_encryption": "AES256",
            "source": "../resources/fashion-website/css/tooplate-little-fashion.css",
            "source_hash": null,
            "storage_class": "STANDARD",
            "tags": {},
            "tags_all": {},
            "version_id": "",
            "website_redirect": ""
          },
          "sensitive_attributes": [],
          "private": "bnVsbA==",
          "dependencies": [
            "aws_s3_bucket.website_bucket"
          ]
        },
        {
          "index_key": "error.html",
          "schema_version": 0,
          "attributes": {
            "acl": null,
            "arn": "arn:aws:s3:::terraform-learn-s3-static-website-hosting/error.html",
            "bucket": "terraform-learn-s3-static-website-hosting",
            "bucket_key_enabled": false,
            "cache_control": "",
            "checksum_algorithm": null,
            "checksum_crc32": "",
            "checksum_crc32c": "",
            "checksum_sha1": "",
            "checksum_sha256": "",
            "content": null,
            "content_base64": null,
            "content_disposition": "inline",
            "content_encoding": "",
            "content_language": "",
            "content_type": "text/html",
            "etag": "b2470efb5245a574ba1b64135e42b96b",
            "force_destroy": false,
            "id": "error.html",
            "key": "error.html",
            "kms_key_id": null,
            "metadata": {},
            "object_lock_legal_hold_status": "",
            "object_lock_mode": "",
            "object_lock_retain_until_date": "",
            "override_provider": [],
            "server_side_encryption": "AES256",
            "source": "../resources/fashion-website/error.html",
            "source_hash": null,
            "storage_class": "STANDARD",
            "tags": {},
            "tags_all": {},
            "version_id": "",
            "website_redirect": ""
          },
          "sensitive_attributes": [],
          "private": "bnVsbA==",
          "dependencies": [
            "aws_s3_bucket.website_bucket"
          ]
        },
        {
          "index_key": "faq.html",
          "schema_version": 0,
          "attributes": {
            "acl": null,
            "arn": "arn:aws:s3:::terraform-learn-s3-static-website-hosting/faq.html",
            "bucket": "terraform-learn-s3-static-website-hosting",
            "bucket_key_enabled": false,
            "cache_control": "",
            "checksum_algorithm": null,
            "checksum_crc32": "",
            "checksum_crc32c": "",
            "checksum_sha1": "",
            "checksum_sha256": "",
            "content": null,
            "content_base64": null,
            "content_disposition": "inline",
            "content_encoding": "",
            "content_language": "",
            "content_type": "text/html",
            "etag": "bd7abee810bc735be01329753176d0cb",
            "force_destroy": false,
            "id": "faq.html",
            "key": "faq.html",
            "kms_key_id": null,
            "metadata": {},
            "object_lock_legal_hold_status": "",
            "object_lock_mode": "",
            "object_lock_retain_until_date": "",
            "override_provider": [],
            "server_side_encryption": "AES256",
            "source": "../resources/fashion-website/faq.html",
            "source_hash": null,
            "storage_class": "STANDARD",
            "tags": {},
            "tags_all": {},
            "version_id": "",
            "website_redirect": ""
          },
          "sensitive_attributes": [],
          "private": "bnVsbA==",
          "dependencies": [
            "aws_s3_bucket.website_bucket"
          ]
        },
        {
          "index_key": "fonts/bootstrap-icons.woff",
          "schema_version": 0,
          "attributes": {
            "acl": null,
            "arn": "arn:aws:s3:::terraform-learn-s3-static-website-hosting/fonts/bootstrap-icons.woff",
            "bucket": "terraform-learn-s3-static-website-hosting",
            "bucket_key_enabled": false,
            "cache_control": "",
            "checksum_algorithm": null,
            "checksum_crc32": "",
            "checksum_crc32c": "",
            "checksum_sha1": "",
            "checksum_sha256": "",
            "content": null,
            "content_base64": null,
            "content_disposition": "inline",
            "content_encoding": "",
            "content_language": "",
            "content_type": "application/octet-stream",
            "etag": "7fb23f3b56a834d9dcf615b5e7c78da8",
            "force_destroy": false,
            "id": "fonts/bootstrap-icons.woff",
            "key": "fonts/bootstrap-icons.woff",
            "kms_key_id": null,
            "metadata": {},
            "object_lock_legal_hold_status": "",
            "object_lock_mode": "",
            "object_lock_retain_until_date": "",
            "override_provider": [],
            "server_side_encryption": "AES256",
            "source": "../resources/fashion-website/fonts/bootstrap-icons.woff",
            "source_hash": null,
            "storage_class": "STANDARD",
            "tags": {},
            "tags_all": {},
            "version_id": "",
            "website_redirect": ""
          },
          "sensitive_attributes": [],
          "private": "bnVsbA==",
          "dependencies": [
            "aws_s3_bucket.website_bucket"
          ]
        },
        {
          "index_key": "fonts/bootstrap-icons.woff2",
          "schema_version": 0,
          "attributes": {
            "acl": null,
            "arn": "arn:aws:s3:::terraform-learn-s3-static-website-hosting/fonts/bootstrap-icons.woff2",
            "bucket": "terraform-learn-s3-static-website-hosting",
            "bucket_key_enabled": false,
            "cache_control": "",
            "checksum_algorithm": null,
            "checksum_crc32": "",
            "checksum_crc32c": "",
            "checksum_sha1": "",
            "checksum_sha256": "",
            "content": null,
            "content_base64": null,
            "content_disposition": "inline",
            "content_encoding": "",
            "content_language": "",
            "content_type": "application/octet-stream",
            "etag": "e07b538aa51b6fa77f32828af21cb591",
            "force_destroy": false,
            "id": "fonts/bootstrap-icons.woff2",
            "key": "fonts/bootstrap-icons.woff2",
            "kms_key_id": null,
            "metadata": {},
            "object_lock_legal_hold_status": "",
            "object_lock_mode": "",
            "object_lock_retain_until_date": "",
            "override_provider": [],
            "server_side_encryption": "AES256",
            "source": "../resources/fashion-website/fonts/bootstrap-icons.woff2",
            "source_hash": null,
            "storage_class": "STANDARD",
            "tags": {},
            "tags_all": {},
            "version_id": "",
            "website_redirect": ""
          },
          "sensitive_attributes": [],
          "private": "bnVsbA==",
          "dependencies": [
            "aws_s3_bucket.website_bucket"
          ]
        },
        {
          "index_key": "images/cody-lannom-G95AReIh_Ko-unsplash.jpeg",
          "schema_version": 0,
          "attributes": {
            "acl": null,
            "arn": "arn:aws:s3:::terraform-learn-s3-static-website-hosting/images/cody-lannom-G95AReIh_Ko-unsplash.jpeg",
            "bucket": "terraform-learn-s3-static-website-hosting",
            "bucket_key_enabled": false,
            "cache_control": "",
            "checksum_algorithm": null,
            "checksum_crc32": "",
            "checksum_crc32c": "",
            "checksum_sha1": "",
            "checksum_sha256": "",
            "content": null,
            "content_base64": null,
            "content_disposition": "inline",
            "content_encoding": "",
            "content_language": "",
            "content_type": "image/jpeg",
            "etag": "f8f02b1d3370eea24be09e2987bc9904",
            "force_destroy": false,
            "id": "images/cody-lannom-G95AReIh_Ko-unsplash.jpeg",
            "key": "images/cody-lannom-G95AReIh_Ko-unsplash.jpeg",
            "kms_key_id": null,
            "metadata": {},
            "object_lock_legal_hold_status": "",
            "object_lock_mode": "",
            "object_lock_retain_until_date": "",
            "override_provider": [],
            "server_side_encryption": "AES256",
            "source": "../resources/fashion-website/images/cody-lannom-G95AReIh_Ko-unsplash.jpeg",
            "source_hash": null,
            "storage_class": "STANDARD",
            "tags": {},
            "tags_all": {},
            "version_id": "",
            "website_redirect": ""
          },
          "sensitive_attributes": [],
          "private": "bnVsbA==",
          "dependencies": [
            "aws_s3_bucket.website_bucket"
          ]
        },
        {
          "index_key": "images/header/businesspeople-meeting-office-working.jpg",
          "schema_version": 0,
          "attributes": {
            "acl": null,
            "arn": "arn:aws:s3:::terraform-learn-s3-static-website-hosting/images/header/businesspeople-meeting-office-working.jpg",
            "bucket": "terraform-learn-s3-static-website-hosting",
            "bucket_key_enabled": false,
            "cache_control": "",
            "checksum_algorithm": null,
            "checksum_crc32": "",
            "checksum_crc32c": "",
            "checksum_sha1": "",
            "checksum_sha256": "",
            "content": null,
            "content_base64": null,
            "content_disposition": "inline",
            "content_encoding": "",
            "content_language": "",
            "content_type": "image/jpeg",
            "etag": "6d377a350b581e8d93cef566f1612d17",
            "force_destroy": false,
            "id": "images/header/businesspeople-meeting-office-working.jpg",
            "key": "images/header/businesspeople-meeting-office-working.jpg",
            "kms_key_id": null,
            "metadata": {},
            "object_lock_legal_hold_status": "",
            "object_lock_mode": "",
            "object_lock_retain_until_date": "",
            "override_provider": [],
            "server_side_encryption": "AES256",
            "source": "../resources/fashion-website/images/header/businesspeople-meeting-office-working.jpg",
            "source_hash": null,
            "storage_class": "STANDARD",
            "tags": {},
            "tags_all": {},
            "version_id": "",
            "website_redirect": ""
          },
          "sensitive_attributes": [],
          "private": "bnVsbA==",
          "dependencies": [
            "aws_s3_bucket.website_bucket"
          ]
        },
        {
          "index_key": "images/header/positive-european-woman-has-break-after-work.jpg",
          "schema_version": 0,
          "attributes": {
            "acl": null,
            "arn": "arn:aws:s3:::terraform-learn-s3-static-website-hosting/images/header/positive-european-woman-has-break-after-work.jpg",
            "bucket": "terraform-learn-s3-static-website-hosting",
            "bucket_key_enabled": false,
            "cache_control": "",
            "checksum_algorithm": null,
            "checksum_crc32": "",
            "checksum_crc32c": "",
            "checksum_sha1": "",
            "checksum_sha256": "",
            "content": null,
            "content_base64": null,
            "content_disposition": "inline",
            "content_encoding": "",
            "content_language": "",
            "content_type": "image/jpeg",
            "etag": "85b476e3d66da8433af4f1cc6f601c95",
            "force_destroy": false,
            "id": "images/header/positive-european-woman-has-break-after-work.jpg",
            "key": "images/header/positive-european-woman-has-break-after-work.jpg",
            "kms_key_id": null,
            "metadata": {},
            "object_lock_legal_hold_status": "",
            "object_lock_mode": "",
            "object_lock_retain_until_date": "",
            "override_provider": [],
            "server_side_encryption": "AES256",
            "source": "../resources/fashion-website/images/header/positive-european-woman-has-break-after-work.jpg",
            "source_hash": null,
            "storage_class": "STANDARD",
            "tags": {},
            "tags_all": {},
            "version_id": "",
            "website_redirect": ""
          },
          "sensitive_attributes": [],
          "private": "bnVsbA==",
          "dependencies": [
            "aws_s3_bucket.website_bucket"
          ]
        },
        {
          "index_key": "images/people/beautiful-woman-face-portrait-brown-background.jpeg",
          "schema_version": 0,
          "attributes": {
            "acl": null,
            "arn": "arn:aws:s3:::terraform-learn-s3-static-website-hosting/images/people/beautiful-woman-face-portrait-brown-background.jpeg",
            "bucket": "terraform-learn-s3-static-website-hosting",
            "bucket_key_enabled": false,
            "cache_control": "",
            "checksum_algorithm": null,
            "checksum_crc32": "",
            "checksum_crc32c": "",
            "checksum_sha1": "",
            "checksum_sha256": "",
            "content": null,
            "content_base64": null,
            "content_disposition": "inline",
            "content_encoding": "",
            "content_language": "",
            "content_type": "image/jpeg",
            "etag": "e4315cee840a04877baef2583b90e43f",
            "force_destroy": false,
            "id": "images/people/beautiful-woman-face-portrait-brown-background.jpeg",
            "key": "images/people/beautiful-woman-face-portrait-brown-background.jpeg",
            "kms_key_id": null,
            "metadata": {},
            "object_lock_legal_hold_status": "",
            "object_lock_mode": "",
            "object_lock_retain_until_date": "",
            "override_provider": [],
            "server_side_encryption": "AES256",
            "source": "../resources/fashion-website/images/people/beautiful-woman-face-portrait-brown-background.jpeg",
            "source_hash": null,
            "storage_class": "STANDARD",
            "tags": {},
            "tags_all": {},
            "version_id": "",
            "website_redirect": ""
          },
          "sensitive_attributes": [],
          "private": "bnVsbA==",
          "dependencies": [
            "aws_s3_bucket.website_bucket"
          ]
        },
        {
          "index_key": "images/people/portrait-british-woman.jpeg",
          "schema_version": 0,
          "attributes": {
            "acl": null,
            "arn": "arn:aws:s3:::terraform-learn-s3-static-website-hosting/images/people/portrait-british-woman.jpeg",
            "bucket": "terraform-learn-s3-static-website-hosting",
            "bucket_key_enabled": false,
            "cache_control": "",
            "checksum_algorithm": null,
            "checksum_crc32": "",
            "checksum_crc32c": "",
            "checksum_sha1": "",
            "checksum_sha256": "",
            "content": null,
            "content_base64": null,
            "content_disposition": "inline",
            "content_encoding": "",
            "content_language": "",
            "content_type": "image/jpeg",
            "etag": "b2d9dbdc83a00c51e1de62bc0bfc92fc",
            "force_destroy": false,
            "id": "images/people/portrait-british-woman.jpeg",
            "key": "images/people/portrait-british-woman.jpeg",
            "kms_key_id": null,
            "metadata": {},
            "object_lock_legal_hold_status": "",
            "object_lock_mode": "",
            "object_lock_retain_until_date": "",
            "override_provider": [],
            "server_side_encryption": "AES256",
            "source": "../resources/fashion-website/images/people/portrait-british-woman.jpeg",
            "source_hash": null,
            "storage_class": "STANDARD",
            "tags": {},
            "tags_all": {},
            "version_id": "",
            "website_redirect": ""
          },
          "sensitive_attributes": [],
          "private": "bnVsbA==",
          "dependencies": [
            "aws_s3_bucket.website_bucket"
          ]
        },
        {
          "index_key": "images/people/senior-man-wearing-white-face-mask-covid-19-campaign-with-design-space.jpeg",
          "schema_version": 0,
          "attributes": {
            "acl": null,
            "arn": "arn:aws:s3:::terraform-learn-s3-static-website-hosting/images/people/senior-man-wearing-white-face-mask-covid-19-campaign-with-design-space.jpeg",
            "bucket": "terraform-learn-s3-static-website-hosting",
            "bucket_key_enabled": false,
            "cache_control": "",
            "checksum_algorithm": null,
            "checksum_crc32": "",
            "checksum_crc32c": "",
            "checksum_sha1": "",
            "checksum_sha256": "",
            "content": null,
            "content_base64": null,
            "content_disposition": "inline",
            "content_encoding": "",
            "content_language": "",
            "content_type": "image/jpeg",
            "etag": "c957b9e180a299a60f7bc96b9ba84d7a",
            "force_destroy": false,
            "id": "images/people/senior-man-wearing-white-face-mask-covid-19-campaign-with-design-space.jpeg",
            "key": "images/people/senior-man-wearing-white-face-mask-covid-19-campaign-with-design-space.jpeg",
            "kms_key_id": null,
            "metadata": {},
            "object_lock_legal_hold_status": "",
            "object_lock_mode": "",
            "object_lock_retain_until_date": "",
            "override_provider": [],
            "server_side_encryption": "AES256",
            "source": "../resources/fashion-website/images/people/senior-man-wearing-white-face-mask-covid-19-campaign-with-design-space.jpeg",
            "source_hash": null,
            "storage_class": "STANDARD",
            "tags": {},
            "tags_all": {},
            "version_id": "",
            "website_redirect": ""
          },
          "sensitive_attributes": [],
          "private": "bnVsbA==",
          "dependencies": [
            "aws_s3_bucket.website_bucket"
          ]
        },
        {
          "index_key": "images/people/woman-wearing-mask-face-closeup-covid-19-green-background.jpeg",
          "schema_version": 0,
          "attributes": {
            "acl": null,
            "arn": "arn:aws:s3:::terraform-learn-s3-static-website-hosting/images/people/woman-wearing-mask-face-closeup-covid-19-green-background.jpeg",
            "bucket": "terraform-learn-s3-static-website-hosting",
            "bucket_key_enabled": false,
            "cache_control": "",
            "checksum_algorithm": null,
            "checksum_crc32": "",
            "checksum_crc32c": "",
            "checksum_sha1": "",
            "checksum_sha256": "",
            "content": null,
            "content_base64": null,
            "content_disposition": "inline",
            "content_encoding": "",
            "content_language": "",
            "content_type": "image/jpeg",
            "etag": "17f09d46e05b4205bbb5e1c2b7d397e0",
            "force_destroy": false,
            "id": "images/people/woman-wearing-mask-face-closeup-covid-19-green-background.jpeg",
            "key": "images/people/woman-wearing-mask-face-closeup-covid-19-green-background.jpeg",
            "kms_key_id": null,
            "metadata": {},
            "object_lock_legal_hold_status": "",
            "object_lock_mode": "",
            "object_lock_retain_until_date": "",
            "override_provider": [],
            "server_side_encryption": "AES256",
            "source": "../resources/fashion-website/images/people/woman-wearing-mask-face-closeup-covid-19-green-background.jpeg",
            "source_hash": null,
            "storage_class": "STANDARD",
            "tags": {},
            "tags_all": {},
            "version_id": "",
            "website_redirect": ""
          },
          "sensitive_attributes": [],
          "private": "bnVsbA==",
          "dependencies": [
            "aws_s3_bucket.website_bucket"
          ]
        },
        {
          "index_key": "images/pim-chu-z6NZ76_UTDI-unsplash.jpeg",
          "schema_version": 0,
          "attributes": {
            "acl": null,
            "arn": "arn:aws:s3:::terraform-learn-s3-static-website-hosting/images/pim-chu-z6NZ76_UTDI-unsplash.jpeg",
            "bucket": "terraform-learn-s3-static-website-hosting",
            "bucket_key_enabled": false,
            "cache_control": "",
            "checksum_algorithm": null,
            "checksum_crc32": "",
            "checksum_crc32c": "",
            "checksum_sha1": "",
            "checksum_sha256": "",
            "content": null,
            "content_base64": null,
            "content_disposition": "inline",
            "content_encoding": "",
            "content_language": "",
            "content_type": "image/jpeg",
            "etag": "e87ab9319b81a59f4c6a96cfdf9e0fb7",
            "force_destroy": false,
            "id": "images/pim-chu-z6NZ76_UTDI-unsplash.jpeg",
            "key": "images/pim-chu-z6NZ76_UTDI-unsplash.jpeg",
            "kms_key_id": null,
            "metadata": {},
            "object_lock_legal_hold_status": "",
            "object_lock_mode": "",
            "object_lock_retain_until_date": "",
            "override_provider": [],
            "server_side_encryption": "AES256",
            "source": "../resources/fashion-website/images/pim-chu-z6NZ76_UTDI-unsplash.jpeg",
            "source_hash": null,
            "storage_class": "STANDARD",
            "tags": {},
            "tags_all": {},
            "version_id": "",
            "website_redirect": ""
          },
          "sensitive_attributes": [],
          "private": "bnVsbA==",
          "dependencies": [
            "aws_s3_bucket.website_bucket"
          ]
        },
        {
          "index_key": "images/product/anis-m-WnVrO-DvxcE-unsplash.jpeg",
          "schema_version": 0,
          "attributes": {
            "acl": null,
            "arn": "arn:aws:s3:::terraform-learn-s3-static-website-hosting/images/product/anis-m-WnVrO-DvxcE-unsplash.jpeg",
            "bucket": "terraform-learn-s3-static-website-hosting",
            "bucket_key_enabled": false,
            "cache_control": "",
            "checksum_algorithm": null,
            "checksum_crc32": "",
            "checksum_crc32c": "",
            "checksum_sha1": "",
            "checksum_sha256": "",
            "content": null,
            "content_base64": null,
            "content_disposition": "inline",
            "content_encoding": "",
            "content_language": "",
            "content_type": "image/jpeg",
            "etag": "74c9fe35295535d2e97c3e783c2436d6",
            "force_destroy": false,
            "id": "images/product/anis-m-WnVrO-DvxcE-unsplash.jpeg",
            "key": "images/product/anis-m-WnVrO-DvxcE-unsplash.jpeg",
            "kms_key_id": null,
            "metadata": {},
            "object_lock_legal_hold_status": "",
            "object_lock_mode": "",
            "object_lock_retain_until_date": "",
            "override_provider": [],
            "server_side_encryption": "AES256",
            "source": "../resources/fashion-website/images/product/anis-m-WnVrO-DvxcE-unsplash.jpeg",
            "source_hash": null,
            "storage_class": "STANDARD",
            "tags": {},
            "tags_all": {},
            "version_id": "",
            "website_redirect": ""
          },
          "sensitive_attributes": [],
          "private": "bnVsbA==",
          "dependencies": [
            "aws_s3_bucket.website_bucket"
          ]
        },
        {
          "index_key": "images/product/evan-mcdougall-qnh1odlqOmk-unsplash.jpeg",
          "schema_version": 0,
          "attributes": {
            "acl": null,
            "arn": "arn:aws:s3:::terraform-learn-s3-static-website-hosting/images/product/evan-mcdougall-qnh1odlqOmk-unsplash.jpeg",
            "bucket": "terraform-learn-s3-static-website-hosting",
            "bucket_key_enabled": false,
            "cache_control": "",
            "checksum_algorithm": null,
            "checksum_crc32": "",
            "checksum_crc32c": "",
            "checksum_sha1": "",
            "checksum_sha256": "",
            "content": null,
            "content_base64": null,
            "content_disposition": "inline",
            "content_encoding": "",
            "content_language": "",
            "content_type": "image/jpeg",
            "etag": "0c085a15036dad4c079de14b22663bf5",
            "force_destroy": false,
            "id": "images/product/evan-mcdougall-qnh1odlqOmk-unsplash.jpeg",
            "key": "images/product/evan-mcdougall-qnh1odlqOmk-unsplash.jpeg",
            "kms_key_id": null,
            "metadata": {},
            "object_lock_legal_hold_status": "",
            "object_lock_mode": "",
            "object_lock_retain_until_date": "",
            "override_provider": [],
            "server_side_encryption": "AES256",
            "source": "../resources/fashion-website/images/product/evan-mcdougall-qnh1odlqOmk-unsplash.jpeg",
            "source_hash": null,
            "storage_class": "STANDARD",
            "tags": {},
            "tags_all": {},
            "version_id": "",
            "website_redirect": ""
          },
          "sensitive_attributes": [],
          "private": "bnVsbA==",
          "dependencies": [
            "aws_s3_bucket.website_bucket"
          ]
        },
        {
          "index_key": "images/product/jordan-nix-CkCUvwMXAac-unsplash.jpeg",
          "schema_version": 0,
          "attributes": {
            "acl": null,
            "arn": "arn:aws:s3:::terraform-learn-s3-static-website-hosting/images/product/jordan-nix-CkCUvwMXAac-unsplash.jpeg",
            "bucket": "terraform-learn-s3-static-website-hosting",
            "bucket_key_enabled": false,
            "cache_control": "",
            "checksum_algorithm": null,
            "checksum_crc32": "",
            "checksum_crc32c": "",
            "checksum_sha1": "",
            "checksum_sha256": "",
            "content": null,
            "content_base64": null,
            "content_disposition": "inline",
            "content_encoding": "",
            "content_language": "",
            "content_type": "image/jpeg",
            "etag": "864ace1269a4e0872848526c4e4deebf",
            "force_destroy": false,
            "id": "images/product/jordan-nix-CkCUvwMXAac-unsplash.jpeg",
            "key": "images/product/jordan-nix-CkCUvwMXAac-unsplash.jpeg",
            "kms_key_id": null,
            "metadata": {},
            "object_lock_legal_hold_status": "",
            "object_lock_mode": "",
            "object_lock_retain_until_date": "",
            "override_provider": [],
            "server_side_encryption": "AES256",
            "source": "../resources/fashion-website/images/product/jordan-nix-CkCUvwMXAac-unsplash.jpeg",
            "source_hash": null,
            "storage_class": "STANDARD",
            "tags": {},
            "tags_all": {},
            "version_id": "",
            "website_redirect": ""
          },
          "sensitive_attributes": [],
          "private": "bnVsbA==",
          "dependencies": [
            "aws_s3_bucket.website_bucket"
          ]
        },
        {
          "index_key": "images/product/nature-zen-3Dn1BZZv3m8-unsplash.jpeg",
          "schema_version": 0,
          "attributes": {
            "acl": null,
            "arn": "arn:aws:s3:::terraform-learn-s3-static-website-hosting/images/product/nature-zen-3Dn1BZZv3m8-unsplash.jpeg",
            "bucket": "terraform-learn-s3-static-website-hosting",
            "bucket_key_enabled": false,
            "cache_control": "",
            "checksum_algorithm": null,
            "checksum_crc32": "",
            "checksum_crc32c": "",
            "checksum_sha1": "",
            "checksum_sha256": "",
            "content": null,
            "content_base64": null,
            "content_disposition": "inline",
            "content_encoding": "",
            "content_language": "",
            "content_type": "image/jpeg",
            "etag": "d9810703ec2b038a0b181af9366a72df",
            "force_destroy": false,
            "id": "images/product/nature-zen-3Dn1BZZv3m8-unsplash.jpeg",
            "key": "images/product/nature-zen-3Dn1BZZv3m8-unsplash.jpeg",
            "kms_key_id": null,
            "metadata": {},
            "object_lock_legal_hold_status": "",
            "object_lock_mode": "",
            "object_lock_retain_until_date": "",
            "override_provider": [],
            "server_side_encryption": "AES256",
            "source": "../resources/fashion-website/images/product/nature-zen-3Dn1BZZv3m8-unsplash.jpeg",
            "source_hash": null,
            "storage_class": "STANDARD",
            "tags": {},
            "tags_all": {},
            "version_id": "",
            "website_redirect": ""
          },
          "sensitive_attributes": [],
          "private": "bnVsbA==",
          "dependencies": [
            "aws_s3_bucket.website_bucket"
          ]
        },
        {
          "index_key": "images/product/quokkabottles-kFc1_G1GvKA-unsplash.jpeg",
          "schema_version": 0,
          "attributes": {
            "acl": null,
            "arn": "arn:aws:s3:::terraform-learn-s3-static-website-hosting/images/product/quokkabottles-kFc1_G1GvKA-unsplash.jpeg",
            "bucket": "terraform-learn-s3-static-website-hosting",
            "bucket_key_enabled": false,
            "cache_control": "",
            "checksum_algorithm": null,
            "checksum_crc32": "",
            "checksum_crc32c": "",
            "checksum_sha1": "",
            "checksum_sha256": "",
            "content": null,
            "content_base64": null,
            "content_disposition": "inline",
            "content_encoding": "",
            "content_language": "",
            "content_type": "image/jpeg",
            "etag": "9f422ff0f3a3929de170d9463cc533c8",
            "force_destroy": false,
            "id": "images/product/quokkabottles-kFc1_G1GvKA-unsplash.jpeg",
            "key": "images/product/quokkabottles-kFc1_G1GvKA-unsplash.jpeg",
            "kms_key_id": null,
            "metadata": {},
            "object_lock_legal_hold_status": "",
            "object_lock_mode": "",
            "object_lock_retain_until_date": "",
            "override_provider": [],
            "server_side_encryption": "AES256",
            "source": "../resources/fashion-website/images/product/quokkabottles-kFc1_G1GvKA-unsplash.jpeg",
            "source_hash": null,
            "storage_class": "STANDARD",
            "tags": {},
            "tags_all": {},
            "version_id": "",
            "website_redirect": ""
          },
          "sensitive_attributes": [],
          "private": "bnVsbA==",
          "dependencies": [
            "aws_s3_bucket.website_bucket"
          ]
        },
        {
          "index_key": "images/product/team-fredi-8HRKoay8VJE-unsplash.jpeg",
          "schema_version": 0,
          "attributes": {
            "acl": null,
            "arn": "arn:aws:s3:::terraform-learn-s3-static-website-hosting/images/product/team-fredi-8HRKoay8VJE-unsplash.jpeg",
            "bucket": "terraform-learn-s3-static-website-hosting",
            "bucket_key_enabled": false,
            "cache_control": "",
            "checksum_algorithm": null,
            "checksum_crc32": "",
            "checksum_crc32c": "",
            "checksum_sha1": "",
            "checksum_sha256": "",
            "content": null,
            "content_base64": null,
            "content_disposition": "inline",
            "content_encoding": "",
            "content_language": "",
            "content_type": "image/jpeg",
            "etag": "6b1ddb46f19c179da5d811c413a565df",
            "force_destroy": false,
            "id": "images/product/team-fredi-8HRKoay8VJE-unsplash.jpeg",
            "key": "images/product/team-fredi-8HRKoay8VJE-unsplash.jpeg",
            "kms_key_id": null,
            "metadata": {},
            "object_lock_legal_hold_status": "",
            "object_lock_mode": "",
            "object_lock_retain_until_date": "",
            "override_provider": [],
            "server_side_encryption": "AES256",
            "source": "../resources/fashion-website/images/product/team-fredi-8HRKoay8VJE-unsplash.jpeg",
            "source_hash": null,
            "storage_class": "STANDARD",
            "tags": {},
            "tags_all": {},
            "version_id": "",
            "website_redirect": ""
          },
          "sensitive_attributes": [],
          "private": "bnVsbA==",
          "dependencies": [
            "aws_s3_bucket.website_bucket"
          ]
        },
        {
          "index_key": "images/retail-shop-owner-mask-social-distancing-shopping.jpg",
          "schema_version": 0,
          "attributes": {
            "acl": null,
            "arn": "arn:aws:s3:::terraform-learn-s3-static-website-hosting/images/retail-shop-owner-mask-social-distancing-shopping.jpg",
            "bucket": "terraform-learn-s3-static-website-hosting",
            "bucket_key_enabled": false,
            "cache_control": "",
            "checksum_algorithm": null,
            "checksum_crc32": "",
            "checksum_crc32c": "",
            "checksum_sha1": "",
            "checksum_sha256": "",
            "content": null,
            "content_base64": null,
            "content_disposition": "inline",
            "content_encoding": "",
            "content_language": "",
            "content_type": "image/jpeg",
            "etag": "1c29af1b1e9179263856a93c57eb4827",
            "force_destroy": false,
            "id": "images/retail-shop-owner-mask-social-distancing-shopping.jpg",
            "key": "images/retail-shop-owner-mask-social-distancing-shopping.jpg",
            "kms_key_id": null,
            "metadata": {},
            "object_lock_legal_hold_status": "",
            "object_lock_mode": "",
            "object_lock_retain_until_date": "",
            "override_provider": [],
            "server_side_encryption": "AES256",
            "source": "../resources/fashion-website/images/retail-shop-owner-mask-social-distancing-shopping.jpg",
            "source_hash": null,
            "storage_class": "STANDARD",
            "tags": {},
            "tags_all": {},
            "version_id": "",
            "website_redirect": ""
          },
          "sensitive_attributes": [],
          "private": "bnVsbA==",
          "dependencies": [
            "aws_s3_bucket.website_bucket"
          ]
        },
        {
          "index_key": "images/servicescape-incorporated-_48JSlVLX6g-unsplash.jpeg",
          "schema_version": 0,
          "attributes": {
            "acl": null,
            "arn": "arn:aws:s3:::terraform-learn-s3-static-website-hosting/images/servicescape-incorporated-_48JSlVLX6g-unsplash.jpeg",
            "bucket": "terraform-learn-s3-static-website-hosting",
            "bucket_key_enabled": false,
            "cache_control": "",
            "checksum_algorithm": null,
            "checksum_crc32": "",
            "checksum_crc32c": "",
            "checksum_sha1": "",
            "checksum_sha256": "",
            "content": null,
            "content_base64": null,
            "content_disposition": "inline",
            "content_encoding": "",
            "content_language": "",
            "content_type": "image/jpeg",
            "etag": "1bc3b031dd58c8240a91c3a7d80be403",
            "force_destroy": false,
            "id": "images/servicescape-incorporated-_48JSlVLX6g-unsplash.jpeg",
            "key": "images/servicescape-incorporated-_48JSlVLX6g-unsplash.jpeg",
            "kms_key_id": null,
            "metadata": {},
            "object_lock_legal_hold_status": "",
            "object_lock_mode": "",
            "object_lock_retain_until_date": "",
            "override_provider": [],
            "server_side_encryption": "AES256",
            "source": "../resources/fashion-website/images/servicescape-incorporated-_48JSlVLX6g-unsplash.jpeg",
            "source_hash": null,
            "storage_class": "STANDARD",
            "tags": {},
            "tags_all": {},
            "version_id": "",
            "website_redirect": ""
          },
          "sensitive_attributes": [],
          "private": "bnVsbA==",
          "dependencies": [
            "aws_s3_bucket.website_bucket"
          ]
        },
        {
          "index_key": "images/slideshow/medium-shot-business-women-high-five.jpeg",
          "schema_version": 0,
          "attributes": {
            "acl": null,
            "arn": "arn:aws:s3:::terraform-learn-s3-static-website-hosting/images/slideshow/medium-shot-business-women-high-five.jpeg",
            "bucket": "terraform-learn-s3-static-website-hosting",
            "bucket_key_enabled": false,
            "cache_control": "",
            "checksum_algorithm": null,
            "checksum_crc32": "",
            "checksum_crc32c": "",
            "checksum_sha1": "",
            "checksum_sha256": "",
            "content": null,
            "content_base64": null,
            "content_disposition": "inline",
            "content_encoding": "",
            "content_language": "",
            "content_type": "image/jpeg",
            "etag": "e615ef7d927a1aedc4aa15c4b65ecbe6",
            "force_destroy": false,
            "id": "images/slideshow/medium-shot-business-women-high-five.jpeg",
            "key": "images/slideshow/medium-shot-business-women-high-five.jpeg",
            "kms_key_id": null,
            "metadata": {},
            "object_lock_legal_hold_status": "",
            "object_lock_mode": "",
            "object_lock_retain_until_date": "",
            "override_provider": [],
            "server_side_encryption": "AES256",
            "source": "../resources/fashion-website/images/slideshow/medium-shot-business-women-high-five.jpeg",
            "source_hash": null,
            "storage_class": "STANDARD",
            "tags": {},
            "tags_all": {},
            "version_id": "",
            "website_redirect": ""
          },
          "sensitive_attributes": [],
          "private": "bnVsbA==",
          "dependencies": [
            "aws_s3_bucket.website_bucket"
          ]
        },
        {
          "index_key": "images/slideshow/team-meeting-renewable-energy-project.jpeg",
          "schema_version": 0,
          "attributes": {
            "acl": null,
            "arn": "arn:aws:s3:::terraform-learn-s3-static-website-hosting/images/slideshow/team-meeting-renewable-energy-project.jpeg",
            "bucket": "terraform-learn-s3-static-website-hosting",
            "bucket_key_enabled": false,
            "cache_control": "",
            "checksum_algorithm": null,
            "checksum_crc32": "",
            "checksum_crc32c": "",
            "checksum_sha1": "",
            "checksum_sha256": "",
            "content": null,
            "content_base64": null,
            "content_disposition": "inline",
            "content_encoding": "",
            "content_language": "",
            "content_type": "image/jpeg",
            "etag": "d1a944393e663f05306c97c7470f97e9",
            "force_destroy": false,
            "id": "images/slideshow/team-meeting-renewable-energy-project.jpeg",
            "key": "images/slideshow/team-meeting-renewable-energy-project.jpeg",
            "kms_key_id": null,
            "metadata": {},
            "object_lock_legal_hold_status": "",
            "object_lock_mode": "",
            "object_lock_retain_until_date": "",
            "override_provider": [],
            "server_side_encryption": "AES256",
            "source": "../resources/fashion-website/images/slideshow/team-meeting-renewable-energy-project.jpeg",
            "source_hash": null,
            "storage_class": "STANDARD",
            "tags": {},
            "tags_all": {},
            "version_id": "",
            "website_redirect": ""
          },
          "sensitive_attributes": [],
          "private": "bnVsbA==",
          "dependencies": [
            "aws_s3_bucket.website_bucket"
          ]
        },
        {
          "index_key": "images/slideshow/two-business-partners-working-together-office-computer.jpeg",
          "schema_version": 0,
          "attributes": {
            "acl": null,
            "arn": "arn:aws:s3:::terraform-learn-s3-static-website-hosting/images/slideshow/two-business-partners-working-together-office-computer.jpeg",
            "bucket": "terraform-learn-s3-static-website-hosting",
            "bucket_key_enabled": false,
            "cache_control": "",
            "checksum_algorithm": null,
            "checksum_crc32": "",
            "checksum_crc32c": "",
            "checksum_sha1": "",
            "checksum_sha256": "",
            "content": null,
            "content_base64": null,
            "content_disposition": "inline",
            "content_encoding": "",
            "content_language": "",
            "content_type": "image/jpeg",
            "etag": "5ba52ed72a0605ab477915a413d9b716",
            "force_destroy": false,
            "id": "images/slideshow/two-business-partners-working-together-office-computer.jpeg",
            "key": "images/slideshow/two-business-partners-working-together-office-computer.jpeg",
            "kms_key_id": null,
            "metadata": {},
            "object_lock_legal_hold_status": "",
            "object_lock_mode": "",
            "object_lock_retain_until_date": "",
            "override_provider": [],
            "server_side_encryption": "AES256",
            "source": "../resources/fashion-website/images/slideshow/two-business-partners-working-together-office-computer.jpeg",
            "source_hash": null,
            "storage_class": "STANDARD",
            "tags": {},
            "tags_all": {},
            "version_id": "",
            "website_redirect": ""
          },
          "sensitive_attributes": [],
          "private": "bnVsbA==",
          "dependencies": [
            "aws_s3_bucket.website_bucket"
          ]
        },
        {
          "index_key": "index.html",
          "schema_version": 0,
          "attributes": {
            "acl": null,
            "arn": "arn:aws:s3:::terraform-learn-s3-static-website-hosting/index.html",
            "bucket": "terraform-learn-s3-static-website-hosting",
            "bucket_key_enabled": false,
            "cache_control": "",
            "checksum_algorithm": null,
            "checksum_crc32": "",
            "checksum_crc32c": "",
            "checksum_sha1": "",
            "checksum_sha256": "",
            "content": null,
            "content_base64": null,
            "content_disposition": "inline",
            "content_encoding": "",
            "content_language": "",
            "content_type": "text/html",
            "etag": "d2fe109683c5ef21d9ae8cacb6b6eab9",
            "force_destroy": false,
            "id": "index.html",
            "key": "index.html",
            "kms_key_id": null,
            "metadata": {},
            "object_lock_legal_hold_status": "",
            "object_lock_mode": "",
            "object_lock_retain_until_date": "",
            "override_provider": [],
            "server_side_encryption": "AES256",
            "source": "../resources/fashion-website/index.html",
            "source_hash": null,
            "storage_class": "STANDARD",
            "tags": {},
            "tags_all": {},
            "version_id": "",
            "website_redirect": ""
          },
          "sensitive_attributes": [],
          "private": "bnVsbA==",
          "dependencies": [
            "aws_s3_bucket.website_bucket"
          ]
        },
        {
          "index_key": "js/Headroom.js",
          "schema_version": 0,
          "attributes": {
            "acl": null,
            "arn": "arn:aws:s3:::terraform-learn-s3-static-website-hosting/js/Headroom.js",
            "bucket": "terraform-learn-s3-static-website-hosting",
            "bucket_key_enabled": false,
            "cache_control": "",
            "checksum_algorithm": null,
            "checksum_crc32": "",
            "checksum_crc32c": "",
            "checksum_sha1": "",
            "checksum_sha256": "",
            "content": null,
            "content_base64": null,
            "content_disposition": "inline",
            "content_encoding": "",
            "content_language": "",
            "content_type": "application/javascript",
            "etag": "d64d9a66f39f6755d93ac2c3710a2b96",
            "force_destroy": false,
            "id": "js/Headroom.js",
            "key": "js/Headroom.js",
            "kms_key_id": null,
            "metadata": {},
            "object_lock_legal_hold_status": "",
            "object_lock_mode": "",
            "object_lock_retain_until_date": "",
            "override_provider": [],
            "server_side_encryption": "AES256",
            "source": "../resources/fashion-website/js/Headroom.js",
            "source_hash": null,
            "storage_class": "STANDARD",
            "tags": {},
            "tags_all": {},
            "version_id": "",
            "website_redirect": ""
          },
          "sensitive_attributes": [],
          "private": "bnVsbA==",
          "dependencies": [
            "aws_s3_bucket.website_bucket"
          ]
        },
        {
          "index_key": "js/bootstrap.bundle.min.js",
          "schema_version": 0,
          "attributes": {
            "acl": null,
            "arn": "arn:aws:s3:::terraform-learn-s3-static-website-hosting/js/bootstrap.bundle.min.js",
            "bucket": "terraform-learn-s3-static-website-hosting",
            "bucket_key_enabled": false,
            "cache_control": "",
            "checksum_algorithm": null,
            "checksum_crc32": "",
            "checksum_crc32c": "",
            "checksum_sha1": "",
            "checksum_sha256": "",
            "content": null,
            "content_base64": null,
            "content_disposition": "inline",
            "content_encoding": "",
            "content_language": "",
            "content_type": "application/javascript",
            "etag": "8831aa095cdec88f66c2e46c339cf352",
            "force_destroy": false,
            "id": "js/bootstrap.bundle.min.js",
            "key": "js/bootstrap.bundle.min.js",
            "kms_key_id": null,
            "metadata": {},
            "object_lock_legal_hold_status": "",
            "object_lock_mode": "",
            "object_lock_retain_until_date": "",
            "override_provider": [],
            "server_side_encryption": "AES256",
            "source": "../resources/fashion-website/js/bootstrap.bundle.min.js",
            "source_hash": null,
            "storage_class": "STANDARD",
            "tags": {},
            "tags_all": {},
            "version_id": "",
            "website_redirect": ""
          },
          "sensitive_attributes": [],
          "private": "bnVsbA==",
          "dependencies": [
            "aws_s3_bucket.website_bucket"
          ]
        },
        {
          "index_key": "js/custom.js",
          "schema_version": 0,
          "attributes": {
            "acl": null,
            "arn": "arn:aws:s3:::terraform-learn-s3-static-website-hosting/js/custom.js",
            "bucket": "terraform-learn-s3-static-website-hosting",
            "bucket_key_enabled": false,
            "cache_control": "",
            "checksum_algorithm": null,
            "checksum_crc32": "",
            "checksum_crc32c": "",
            "checksum_sha1": "",
            "checksum_sha256": "",
            "content": null,
            "content_base64": null,
            "content_disposition": "inline",
            "content_encoding": "",
            "content_language": "",
            "content_type": "application/javascript",
            "etag": "8e03c25be8e039c35ca3ad0667490b50",
            "force_destroy": false,
            "id": "js/custom.js",
            "key": "js/custom.js",
            "kms_key_id": null,
            "metadata": {},
            "object_lock_legal_hold_status": "",
            "object_lock_mode": "",
            "object_lock_retain_until_date": "",
            "override_provider": [],
            "server_side_encryption": "AES256",
            "source": "../resources/fashion-website/js/custom.js",
            "source_hash": null,
            "storage_class": "STANDARD",
            "tags": {},
            "tags_all": {},
            "version_id": "",
            "website_redirect": ""
          },
          "sensitive_attributes": [],
          "private": "bnVsbA==",
          "dependencies": [
            "aws_s3_bucket.website_bucket"
          ]
        },
        {
          "index_key": "js/jQuery.headroom.js",
          "schema_version": 0,
          "attributes": {
            "acl": null,
            "arn": "arn:aws:s3:::terraform-learn-s3-static-website-hosting/js/jQuery.headroom.js",
            "bucket": "terraform-learn-s3-static-website-hosting",
            "bucket_key_enabled": false,
            "cache_control": "",
            "checksum_algorithm": null,
            "checksum_crc32": "",
            "checksum_crc32c": "",
            "checksum_sha1": "",
            "checksum_sha256": "",
            "content": null,
            "content_base64": null,
            "content_disposition": "inline",
            "content_encoding": "",
            "content_language": "",
            "content_type": "application/javascript",
            "etag": "3155bc32a3498d48bcd35151dccacfe2",
            "force_destroy": false,
            "id": "js/jQuery.headroom.js",
            "key": "js/jQuery.headroom.js",
            "kms_key_id": null,
            "metadata": {},
            "object_lock_legal_hold_status": "",
            "object_lock_mode": "",
            "object_lock_retain_until_date": "",
            "override_provider": [],
            "server_side_encryption": "AES256",
            "source": "../resources/fashion-website/js/jQuery.headroom.js",
            "source_hash": null,
            "storage_class": "STANDARD",
            "tags": {},
            "tags_all": {},
            "version_id": "",
            "website_redirect": ""
          },
          "sensitive_attributes": [],
          "private": "bnVsbA==",
          "dependencies": [
            "aws_s3_bucket.website_bucket"
          ]
        },
        {
          "index_key": "js/jquery.min.js",
          "schema_version": 0,
          "attributes": {
            "acl": null,
            "arn": "arn:aws:s3:::terraform-learn-s3-static-website-hosting/js/jquery.min.js",
            "bucket": "terraform-learn-s3-static-website-hosting",
            "bucket_key_enabled": false,
            "cache_control": "",
            "checksum_algorithm": null,
            "checksum_crc32": "",
            "checksum_crc32c": "",
            "checksum_sha1": "",
            "checksum_sha256": "",
            "content": null,
            "content_base64": null,
            "content_disposition": "inline",
            "content_encoding": "",
            "content_language": "",
            "content_type": "application/javascript",
            "etag": "48abd2372de119dfd7ffb96c8f307bfe",
            "force_destroy": false,
            "id": "js/jquery.min.js",
            "key": "js/jquery.min.js",
            "kms_key_id": null,
            "metadata": {},
            "object_lock_legal_hold_status": "",
            "object_lock_mode": "",
            "object_lock_retain_until_date": "",
            "override_provider": [],
            "server_side_encryption": "AES256",
            "source": "../resources/fashion-website/js/jquery.min.js",
            "source_hash": null,
            "storage_class": "STANDARD",
            "tags": {},
            "tags_all": {},
            "version_id": "",
            "website_redirect": ""
          },
          "sensitive_attributes": [],
          "private": "bnVsbA==",
          "dependencies": [
            "aws_s3_bucket.website_bucket"
          ]
        },
        {
          "index_key": "js/slick.min.js",
          "schema_version": 0,
          "attributes": {
            "acl": null,
            "arn": "arn:aws:s3:::terraform-learn-s3-static-website-hosting/js/slick.min.js",
            "bucket": "terraform-learn-s3-static-website-hosting",
            "bucket_key_enabled": false,
            "cache_control": "",
            "checksum_algorithm": null,
            "checksum_crc32": "",
            "checksum_crc32c": "",
            "checksum_sha1": "",
            "checksum_sha256": "",
            "content": null,
            "content_base64": null,
            "content_disposition": "inline",
            "content_encoding": "",
            "content_language": "",
            "content_type": "application/javascript",
            "etag": "d5a61c749e44e47159af8a6579dda121",
            "force_destroy": false,
            "id": "js/slick.min.js",
            "key": "js/slick.min.js",
            "kms_key_id": null,
            "metadata": {},
            "object_lock_legal_hold_status": "",
            "object_lock_mode": "",
            "object_lock_retain_until_date": "",
            "override_provider": [],
            "server_side_encryption": "AES256",
            "source": "../resources/fashion-website/js/slick.min.js",
            "source_hash": null,
            "storage_class": "STANDARD",
            "tags": {},
            "tags_all": {},
            "version_id": "",
            "website_redirect": ""
          },
          "sensitive_attributes": [],
          "private": "bnVsbA==",
          "dependencies": [
            "aws_s3_bucket.website_bucket"
          ]
        },
        {
          "index_key": "product-detail.html",
          "schema_version": 0,
          "attributes": {
            "acl": null,
            "arn": "arn:aws:s3:::terraform-learn-s3-static-website-hosting/product-detail.html",
            "bucket": "terraform-learn-s3-static-website-hosting",
            "bucket_key_enabled": false,
            "cache_control": "",
            "checksum_algorithm": null,
            "checksum_crc32": "",
            "checksum_crc32c": "",
            "checksum_sha1": "",
            "checksum_sha256": "",
            "content": null,
            "content_base64": null,
            "content_disposition": "inline",
            "content_encoding": "",
            "content_language": "",
            "content_type": "text/html",
            "etag": "c7abc8b4a6bd8033dbb52b3b2c10684d",
            "force_destroy": false,
            "id": "product-detail.html",
            "key": "product-detail.html",
            "kms_key_id": null,
            "metadata": {},
            "object_lock_legal_hold_status": "",
            "object_lock_mode": "",
            "object_lock_retain_until_date": "",
            "override_provider": [],
            "server_side_encryption": "AES256",
            "source": "../resources/fashion-website/product-detail.html",
            "source_hash": null,
            "storage_class": "STANDARD",
            "tags": {},
            "tags_all": {},
            "version_id": "",
            "website_redirect": ""
          },
          "sensitive_attributes": [],
          "private": "bnVsbA==",
          "dependencies": [
            "aws_s3_bucket.website_bucket"
          ]
        },
        {
          "index_key": "products.html",
          "schema_version": 0,
          "attributes": {
            "acl": null,
            "arn": "arn:aws:s3:::terraform-learn-s3-static-website-hosting/products.html",
            "bucket": "terraform-learn-s3-static-website-hosting",
            "bucket_key_enabled": false,
            "cache_control": "",
            "checksum_algorithm": null,
            "checksum_crc32": "",
            "checksum_crc32c": "",
            "checksum_sha1": "",
            "checksum_sha256": "",
            "content": null,
            "content_base64": null,
            "content_disposition": "inline",
            "content_encoding": "",
            "content_language": "",
            "content_type": "text/html",
            "etag": "d32842e364c86232519152c2618270f8",
            "force_destroy": false,
            "id": "products.html",
            "key": "products.html",
            "kms_key_id": null,
            "metadata": {},
            "object_lock_legal_hold_status": "",
            "object_lock_mode": "",
            "object_lock_retain_until_date": "",
            "override_provider": [],
            "server_side_encryption": "AES256",
            "source": "../resources/fashion-website/products.html",
            "source_hash": null,
            "storage_class": "STANDARD",
            "tags": {},
            "tags_all": {},
            "version_id": "",
            "website_redirect": ""
          },
          "sensitive_attributes": [],
          "private": "bnVsbA==",
          "dependencies": [
            "aws_s3_bucket.website_bucket"
          ]
        },
        {
          "index_key": "sign-in.html",
          "schema_version": 0,
          "attributes": {
            "acl": null,
            "arn": "arn:aws:s3:::terraform-learn-s3-static-website-hosting/sign-in.html",
            "bucket": "terraform-learn-s3-static-website-hosting",
            "bucket_key_enabled": false,
            "cache_control": "",
            "checksum_algorithm": null,
            "checksum_crc32": "",
            "checksum_crc32c": "",
            "checksum_sha1": "",
            "checksum_sha256": "",
            "content": null,
            "content_base64": null,
            "content_disposition": "inline",
            "content_encoding": "",
            "content_language": "",
            "content_type": "text/html",
            "etag": "caa296227be219cbc2ad209f183225a9",
            "force_destroy": false,
            "id": "sign-in.html",
            "key": "sign-in.html",
            "kms_key_id": null,
            "metadata": {},
            "object_lock_legal_hold_status": "",
            "object_lock_mode": "",
            "object_lock_retain_until_date": "",
            "override_provider": [],
            "server_side_encryption": "AES256",
            "source": "../resources/fashion-website/sign-in.html",
            "source_hash": null,
            "storage_class": "STANDARD",
            "tags": {},
            "tags_all": {},
            "version_id": "",
            "website_redirect": ""
          },
          "sensitive_attributes": [],
          "private": "bnVsbA==",
          "dependencies": [
            "aws_s3_bucket.website_bucket"
          ]
        },
        {
          "index_key": "sign-up.html",
          "schema_version": 0,
          "attributes": {
            "acl": null,
            "arn": "arn:aws:s3:::terraform-learn-s3-static-website-hosting/sign-up.html",
            "bucket": "terraform-learn-s3-static-website-hosting",
            "bucket_key_enabled": false,
            "cache_control": "",
            "checksum_algorithm": null,
            "checksum_crc32": "",
            "checksum_crc32c": "",
            "checksum_sha1": "",
            "checksum_sha256": "",
            "content": null,
            "content_base64": null,
            "content_disposition": "inline",
            "content_encoding": "",
            "content_language": "",
            "content_type": "text/html",
            "etag": "536ca6e1adfdea8ab61f9bd6d9a11c48",
            "force_destroy": false,
            "id": "sign-up.html",
            "key": "sign-up.html",
            "kms_key_id": null,
            "metadata": {},
            "object_lock_legal_hold_status": "",
            "object_lock_mode": "",
            "object_lock_retain_until_date": "",
            "override_provider": [],
            "server_side_encryption": "AES256",
            "source": "../resources/fashion-website/sign-up.html",
            "source_hash": null,
            "storage_class": "STANDARD",
            "tags": {},
            "tags_all": {},
            "version_id": "",
            "website_redirect": ""
          },
          "sensitive_attributes": [],
          "private": "bnVsbA==",
          "dependencies": [
            "aws_s3_bucket.website_bucket"
          ]
        }
      ]
    }
  ],
  "check_results": null
}
